
Microsoft Visual Studio Solution File, Format Version 12.00
# Visual Studio Version 17
VisualStudioVersion = 17.13.35828.75 d17.13
MinimumVisualStudioVersion = 10.0.40219.1
Project("{FAE04EC0-301F-11D3-BF4B-00C04F79EFBC}") = "CursoCSharp", "CursoCSharp\CursoCSharp.csproj", "{B36D6397-D2E6-4C15-9D1B-2BF36D7BEAB5}"
EndProject
Global
	GlobalSection(SolutionConfigurationPlatforms) = preSolution
		Debug|Any CPU = Debug|Any CPU
		Release|Any CPU = Release|Any CPU
	EndGlobalSection
	GlobalSection(ProjectConfigurationPlatforms) = postSolution
		{B36D6397-D2E6-4C15-9D1B-2BF36D7BEAB5}.Debug|Any CPU.ActiveCfg = Debug|Any CPU
		{B36D6397-D2E6-4C15-9D1B-2BF36D7BEAB5}.Debug|Any CPU.Build.0 = Debug|Any CPU
		{B36D6397-D2E6-4C15-9D1B-2BF36D7BEAB5}.Release|Any CPU.ActiveCfg = Release|Any CPU
		{B36D6397-D2E6-4C15-9D1B-2BF36D7BEAB5}.Release|Any CPU.Build.0 = Release|Any CPU
	EndGlobalSection
	GlobalSection(SolutionProperties) = preSolution
		HideSolutionNode = FALSE
	EndGlobalSection
	GlobalSection(ExtensibilityGlobals) = postSolution
		SolutionGuid = {9BD50E65-C9C5-442F-B93C-DE028C7F39DD}
	EndGlobalSection
EndGlobal
