
Microsoft Visual Studio Solution File, Format Version 12.00
# Visual Studio Version 17
VisualStudioVersion = 17.13.35919.96 d17.13
MinimumVisualStudioVersion = 10.0.40219.1
Project("{FAE04EC0-301F-11D3-BF4B-00C04F79EFBC}") = "FixaMetodAbstract", "FixaMetodAbstract\FixaMetodAbstract.csproj", "{E6C920E8-C49F-45D4-8DC0-EB58C5D58209}"
EndProject
Global
	GlobalSection(SolutionConfigurationPlatforms) = preSolution
		Debug|Any CPU = Debug|Any CPU
		Release|Any CPU = Release|Any CPU
	EndGlobalSection
	GlobalSection(ProjectConfigurationPlatforms) = postSolution
		{E6C920E8-C49F-45D4-8DC0-EB58C5D58209}.Debug|Any CPU.ActiveCfg = Debug|Any CPU
		{E6C920E8-C49F-45D4-8DC0-EB58C5D58209}.Debug|Any CPU.Build.0 = Debug|Any CPU
		{E6C920E8-C49F-45D4-8DC0-EB58C5D58209}.Release|Any CPU.ActiveCfg = Release|Any CPU
		{E6C920E8-C49F-45D4-8DC0-EB58C5D58209}.Release|Any CPU.Build.0 = Release|Any CPU
	EndGlobalSection
	GlobalSection(SolutionProperties) = preSolution
		HideSolutionNode = FALSE
	EndGlobalSection
	GlobalSection(ExtensibilityGlobals) = postSolution
		SolutionGuid = {68614EF4-7D7B-43F9-9121-58EDE57CEEDF}
	EndGlobalSection
EndGlobal
